
Microsoft Visual Studio Solution File, Format Version 12.00
# Visual Studio Version 17
VisualStudioVersion = 17.6.33829.357
MinimumVisualStudioVersion = 10.0.40219.1
Project("{FAE04EC0-301F-11D3-BF4B-00C04F79EFBC}") = "StudyingMethod6", "StudyingMethod6\StudyingMethod6.csproj", "{ED2B45BA-06AE-44E0-B556-9713BD1DCE88}"
EndProject
Global
	GlobalSection(SolutionConfigurationPlatforms) = preSolution
		Debug|Any CPU = Debug|Any CPU
		Release|Any CPU = Release|Any CPU
	EndGlobalSection
	GlobalSection(ProjectConfigurationPlatforms) = postSolution
		{ED2B45BA-06AE-44E0-B556-9713BD1DCE88}.Debug|Any CPU.ActiveCfg = Debug|Any CPU
		{ED2B45BA-06AE-44E0-B556-9713BD1DCE88}.Debug|Any CPU.Build.0 = Debug|Any CPU
		{ED2B45BA-06AE-44E0-B556-9713BD1DCE88}.Release|Any CPU.ActiveCfg = Release|Any CPU
		{ED2B45BA-06AE-44E0-B556-9713BD1DCE88}.Release|Any CPU.Build.0 = Release|Any CPU
	EndGlobalSection
	GlobalSection(SolutionProperties) = preSolution
		HideSolutionNode = FALSE
	EndGlobalSection
	GlobalSection(ExtensibilityGlobals) = postSolution
		SolutionGuid = {A29F1093-C882-4DFB-AD5C-077FEADB7CD3}
	EndGlobalSection
EndGlobal
